
Microsoft Visual Studio Solution File, Format Version 12.00
# Visual Studio Version 17
VisualStudioVersion = 17.9.34607.119
MinimumVisualStudioVersion = 10.0.40219.1
Project("{FAE04EC0-301F-11D3-BF4B-00C04F79EFBC}") = "SportsSearch", "SportsSearch\SportsSearch.csproj", "{2F0EA823-AF7F-4BE5-A572-114960D1A90B}"
EndProject
Global
	GlobalSection(SolutionConfigurationPlatforms) = preSolution
		Debug|Any CPU = Debug|Any CPU
		Release|Any CPU = Release|Any CPU
	EndGlobalSection
	GlobalSection(ProjectConfigurationPlatforms) = postSolution
		{2F0EA823-AF7F-4BE5-A572-114960D1A90B}.Debug|Any CPU.ActiveCfg = Debug|Any CPU
		{2F0EA823-AF7F-4BE5-A572-114960D1A90B}.Debug|Any CPU.Build.0 = Debug|Any CPU
		{2F0EA823-AF7F-4BE5-A572-114960D1A90B}.Release|Any CPU.ActiveCfg = Release|Any CPU
		{2F0EA823-AF7F-4BE5-A572-114960D1A90B}.Release|Any CPU.Build.0 = Release|Any CPU
	EndGlobalSection
	GlobalSection(SolutionProperties) = preSolution
		HideSolutionNode = FALSE
	EndGlobalSection
	GlobalSection(ExtensibilityGlobals) = postSolution
		SolutionGuid = {5A0904B8-E8BC-466D-9460-8BFFA7820218}
	EndGlobalSection
EndGlobal
