
Microsoft Visual Studio Solution File, Format Version 12.00
# Visual Studio Version 17
VisualStudioVersion = 17.8.34309.116
MinimumVisualStudioVersion = 10.0.40219.1
Project("{FAE04EC0-301F-11D3-BF4B-00C04F79EFBC}") = "DreamTeamProject", "DreamTeamProject.csproj", "{455083F4-37D3-4065-9555-4A098F11AE31}"
EndProject
Global
	GlobalSection(SolutionConfigurationPlatforms) = preSolution
		Debug|Any CPU = Debug|Any CPU
		Release|Any CPU = Release|Any CPU
	EndGlobalSection
	GlobalSection(ProjectConfigurationPlatforms) = postSolution
		{455083F4-37D3-4065-9555-4A098F11AE31}.Debug|Any CPU.ActiveCfg = Debug|Any CPU
		{455083F4-37D3-4065-9555-4A098F11AE31}.Debug|Any CPU.Build.0 = Debug|Any CPU
		{455083F4-37D3-4065-9555-4A098F11AE31}.Release|Any CPU.ActiveCfg = Release|Any CPU
		{455083F4-37D3-4065-9555-4A098F11AE31}.Release|Any CPU.Build.0 = Release|Any CPU
	EndGlobalSection
	GlobalSection(SolutionProperties) = preSolution
		HideSolutionNode = FALSE
	EndGlobalSection
	GlobalSection(ExtensibilityGlobals) = postSolution
		SolutionGuid = {4436862B-10F9-481F-97CF-FBBF754BD4DF}
	EndGlobalSection
EndGlobal
